version = 1
revision = 3
requires-python = "==3.9.19"
resolution-markers = [
    "platform_machine == 'arm64' and sys_platform == 'darwin'",
    "platform_machine == 'aarch64' and sys_platform == 'linux'",
    "sys_platform == 'win32'",
    "(platform_machine != 'arm64' and sys_platform == 'darwin') or (platform_machine != 'aarch64' and sys_platform == 'linux') or (sys_platform != 'darwin' and sys_platform != 'linux' and sys_platform != 'win32')",
]

[[package]]
name = "coloredlogs"
version = "15.0.1"
source = { registry = "https://pypi.org/simple" }
dependencies = [
    { name = "humanfriendly" },
]
sdist = { url = "https://files.pythonhosted.org/packages/cc/c7/eed8f27100517e8c0e6b923d5f0845d0cb99763da6fdee00478f91db7325/coloredlogs-15.0.1.tar.gz", hash = "sha256:7c991aa71a4577af2f82600d8f8f3a89f936baeaf9b50a9c197da014e5bf16b0", size = 278520, upload-time = "2021-06-11T10:22:45.202Z" }
wheels = [
    { url = "https://files.pythonhosted.org/packages/a7/06/3d6badcf13db419e25b07041d9c7b4a2c331d3f4e7134445ec5df57714cd/coloredlogs-15.0.1-py2.py3-none-any.whl", hash = "sha256:612ee75c546f53e92e70049c9dbfcc18c935a2b9a53b66085ce9ef6a6e5c0934", size = 46018, upload-time = "2021-06-11T10:22:42.561Z" },
]

[[package]]
name = "compiler"
version = "0.1.0"
source = { virtual = "." }
dependencies = [
    { name = "numpy" },
    { name = "onnx" },
    { name = "onnxruntime" },
]

[package.metadata]
requires-dist = [
    { name = "numpy", specifier = "==1.23.0" },
    { name = "onnx", specifier = "==1.15.0" },
    { name = "onnxruntime", specifier = "==1.15.0" },
]

[[package]]
name = "flatbuffers"
version = "25.2.10"
source = { registry = "https://pypi.org/simple" }
sdist = { url = "https://files.pythonhosted.org/packages/e4/30/eb5dce7994fc71a2f685d98ec33cc660c0a5887db5610137e60d8cbc4489/flatbuffers-25.2.10.tar.gz", hash = "sha256:97e451377a41262f8d9bd4295cc836133415cc03d8cb966410a4af92eb00d26e", size = 22170, upload-time = "2025-02-11T04:26:46.257Z" }
wheels = [
    { url = "https://files.pythonhosted.org/packages/b8/25/155f9f080d5e4bc0082edfda032ea2bc2b8fab3f4d25d46c1e9dd22a1a89/flatbuffers-25.2.10-py2.py3-none-any.whl", hash = "sha256:ebba5f4d5ea615af3f7fd70fc310636fbb2bbd1f566ac0a23d98dd412de50051", size = 30953, upload-time = "2025-02-11T04:26:44.484Z" },
]

[[package]]
name = "humanfriendly"
version = "10.0"
source = { registry = "https://pypi.org/simple" }
dependencies = [
    { name = "pyreadline3", marker = "sys_platform == 'win32'" },
]
sdist = { url = "https://files.pythonhosted.org/packages/cc/3f/2c29224acb2e2df4d2046e4c73ee2662023c58ff5b113c4c1adac0886c43/humanfriendly-10.0.tar.gz", hash = "sha256:6b0b831ce8f15f7300721aa49829fc4e83921a9a301cc7f606be6686a2288ddc", size = 360702, upload-time = "2021-09-17T21:40:43.31Z" }
wheels = [
    { url = "https://files.pythonhosted.org/packages/f0/0f/310fb31e39e2d734ccaa2c0fb981ee41f7bd5056ce9bc29b2248bd569169/humanfriendly-10.0-py2.py3-none-any.whl", hash = "sha256:1697e1a8a8f550fd43c2865cd84542fc175a61dcb779b6fee18cf6b6ccba1477", size = 86794, upload-time = "2021-09-17T21:40:39.897Z" },
]

[[package]]
name = "mpmath"
version = "1.3.0"
source = { registry = "https://pypi.org/simple" }
sdist = { url = "https://files.pythonhosted.org/packages/e0/47/dd32fa426cc72114383ac549964eecb20ecfd886d1e5ccf5340b55b02f57/mpmath-1.3.0.tar.gz", hash = "sha256:7a28eb2a9774d00c7bc92411c19a89209d5da7c4c9a9e227be8330a23a25b91f", size = 508106, upload-time = "2023-03-07T16:47:11.061Z" }
wheels = [
    { url = "https://files.pythonhosted.org/packages/43/e3/7d92a15f894aa0c9c4b49b8ee9ac9850d6e63b03c9c32c0367a13ae62209/mpmath-1.3.0-py3-none-any.whl", hash = "sha256:a0b2b9fe80bbcd81a6647ff13108738cfb482d481d826cc0e02f5b35e5c88d2c", size = 536198, upload-time = "2023-03-07T16:47:09.197Z" },
]

[[package]]
name = "numpy"
version = "1.23.0"
source = { registry = "https://pypi.org/simple" }
sdist = { url = "https://files.pythonhosted.org/packages/03/c6/14a17e10813b8db20d1e800ff9a3a898e65d25f2b0e9d6a94616f1e3362c/numpy-1.23.0.tar.gz", hash = "sha256:bd3fa4fe2e38533d5336e1272fc4e765cabbbde144309ccee8675509d5cd7b05", size = 10714532, upload-time = "2022-06-22T22:26:20.384Z" }
wheels = [
    { url = "https://files.pythonhosted.org/packages/af/e3/e2cbfbf5b36706416aea1f17ec4ef454360e8e0177782dda43befcb43177/numpy-1.23.0-cp39-cp39-macosx_10_9_x86_64.whl", hash = "sha256:1c29b44905af288b3919803aceb6ec7fec77406d8b08aaa2e8b9e63d0fe2f160", size = 18116972, upload-time = "2022-06-22T22:18:03.697Z" },
    { url = "https://files.pythonhosted.org/packages/8b/a5/6b5a75f87cb330460398e8c7be7399d9f1c75c9b1a73888d4952a50184b0/numpy-1.23.0-cp39-cp39-macosx_11_0_arm64.whl", hash = "sha256:98e8e0d8d69ff4d3fa63e6c61e8cfe2d03c29b16b58dbef1f9baa175bbed7860", size = 13347635, upload-time = "2022-06-22T22:18:23.69Z" },
    { url = "https://files.pythonhosted.org/packages/53/2e/acd76ea66fd4b5e02dd572101c2628a134f3fdedcaef10175dab2d5398aa/numpy-1.23.0-cp39-cp39-manylinux_2_17_aarch64.manylinux2014_aarch64.whl", hash = "sha256:79a506cacf2be3a74ead5467aee97b81fca00c9c4c8b3ba16dbab488cd99ba10", size = 13948410, upload-time = "2022-06-22T22:18:44.993Z" },
    { url = "https://files.pythonhosted.org/packages/da/0e/496e529f440f528273f6847e14d7b132b0556a824fc2af36e8afd8e6a020/numpy-1.23.0-cp39-cp39-manylinux_2_17_x86_64.manylinux2014_x86_64.whl", hash = "sha256:092f5e6025813e64ad6d1b52b519165d08c730d099c114a9247c9bb635a2a450", size = 17054599, upload-time = "2022-06-22T22:19:10.51Z" },
    { url = "https://files.pythonhosted.org/packages/b1/db/9125172436997928dd9987c1bf552513dc055bf4e302c747d9ae5ad473be/numpy-1.23.0-cp39-cp39-win32.whl", hash = "sha256:d6ca8dabe696c2785d0c8c9b0d8a9b6e5fdbe4f922bde70d57fa1a2848134f95", size = 12210982, upload-time = "2022-06-22T22:19:29.158Z" },
    { url = "https://files.pythonhosted.org/packages/aa/b2/a122ec818608b6020a8cdd7a9cc40896c5747aba8a6b4d36625e7927a540/numpy-1.23.0-cp39-cp39-win_amd64.whl", hash = "sha256:fc431493df245f3c627c0c05c2bd134535e7929dbe2e602b80e42bf52ff760bc", size = 14661922, upload-time = "2022-06-22T22:19:51.311Z" },
]

[[package]]
name = "onnx"
version = "1.15.0"
source = { registry = "https://pypi.org/simple" }
dependencies = [
    { name = "numpy" },
    { name = "protobuf" },
]
sdist = { url = "https://files.pythonhosted.org/packages/f4/6e/2b2963f9e3a7201c8c3a30656f9c81bc9d32d198a88a747456ab2874166a/onnx-1.15.0.tar.gz", hash = "sha256:b18461a7d38f286618ca2a6e78062a2a9c634ce498e631e708a8041b00094825", size = 12262101, upload-time = "2023-10-26T18:30:51.019Z" }
wheels = [
    { url = "https://files.pythonhosted.org/packages/b8/a2/bb36f3aac8b2c38cbdd4ffbd3a124ec8aad882481251800b79c85151f698/onnx-1.15.0-cp39-cp39-macosx_10_12_universal2.whl", hash = "sha256:b2d5e802837629fc9c86f19448d19dd04d206578328bce202aeb3d4bedab43c4", size = 16319100, upload-time = "2023-10-26T18:35:02.483Z" },
    { url = "https://files.pythonhosted.org/packages/83/5a/407650ee141f2313972d8112f4136cc380fbcd8a57bad6289dc6065c6498/onnx-1.15.0-cp39-cp39-macosx_10_12_x86_64.whl", hash = "sha256:9a9cfbb5e5d5d88f89d0dfc9df5fb858899db874e1d5ed21e76c481f3cafc90d", size = 14870416, upload-time = "2023-10-26T18:35:05.882Z" },
    { url = "https://files.pythonhosted.org/packages/42/f2/9ed174e72a2a1df3ea07462a3cd8edbd440d609cd3081ce8c89eee4e5934/onnx-1.15.0-cp39-cp39-manylinux_2_17_aarch64.manylinux2014_aarch64.whl", hash = "sha256:3f472bbe5cb670a0a4a4db08f41fde69b187a009d0cb628f964840d3f83524e9", size = 15603099, upload-time = "2023-10-26T18:34:09.576Z" },
    { url = "https://files.pythonhosted.org/packages/18/be/758ff7735e35c0ce84725c250a48b69c7cf38ddedcb598848b79c3038f3c/onnx-1.15.0-cp39-cp39-manylinux_2_17_x86_64.manylinux2014_x86_64.whl", hash = "sha256:2bf2de9bef64792e5b8080c678023ac7d2b9e05d79a3e17e92cf6a4a624831d2", size = 15719081, upload-time = "2023-10-26T18:33:36.021Z" },
    { url = "https://files.pythonhosted.org/packages/73/61/1c881c564378119735cfe183cc35ba855a3441c6ca43006b17c3b4cae891/onnx-1.15.0-cp39-cp39-win32.whl", hash = "sha256:ef4d9eb44b111e69e4534f3233fc2c13d1e26920d24ae4359d513bd54694bc6d", size = 14204934, upload-time = "2023-10-26T18:35:47.139Z" },
    { url = "https://files.pythonhosted.org/packages/b8/d9/39382887c8fb4330a8372739a9534b6734c18012f18726f024d9cae40e96/onnx-1.15.0-cp39-cp39-win_amd64.whl", hash = "sha256:95d7a3e2d79d371e272e39ae3f7547e0b116d0c7f774a4004e97febe6c93507f", size = 14310331, upload-time = "2023-10-26T18:35:50.01Z" },
]

[[package]]
name = "onnxruntime"
version = "1.15.0"
source = { registry = "https://pypi.org/simple" }
dependencies = [
    { name = "coloredlogs" },
    { name = "flatbuffers" },
    { name = "numpy" },
    { name = "packaging" },
    { name = "protobuf" },
    { name = "sympy" },
]
wheels = [
    { url = "https://files.pythonhosted.org/packages/4a/5b/79ef24d74b9af47a75a8a3196b08d580dcc87f8b80cc7cb39252446b6fb6/onnxruntime-1.15.0-cp39-cp39-macosx_10_15_x86_64.whl", hash = "sha256:80861aa47817fa0db29f5e818e567afd2b0013373418413435cc3dd361458fe8", size = 6791551, upload-time = "2023-05-24T05:07:20.616Z" },
    { url = "https://files.pythonhosted.org/packages/38/57/a167bb5bc09f29831b418e93fd01a31c4e67d2ca337f578f5562d3f67b7d/onnxruntime-1.15.0-cp39-cp39-macosx_11_0_arm64.whl", hash = "sha256:df402e46432fb038fca9bfe8d1a489396b54b6253ec26398f6d8b0322276fc99", size = 6137154, upload-time = "2023-05-24T05:07:23.381Z" },
    { url = "https://files.pythonhosted.org/packages/ee/58/fd1b54ffb2e146b9de23aa29e44a2ad5cd2b350023b51a28121d6595bf54/onnxruntime-1.15.0-cp39-cp39-manylinux_2_17_aarch64.manylinux2014_aarch64.whl", hash = "sha256:d5c5afc01e0109f26a06ea19e132f7b934878ec81fac4557d35c5f3d01ca2a17", size = 5380919, upload-time = "2023-05-24T05:07:26.498Z" },
    { url = "https://files.pythonhosted.org/packages/a8/98/5fcb055ce4d51eaec19e3d88e77d3026994e5a03567805c6787fc9388dd4/onnxruntime-1.15.0-cp39-cp39-manylinux_2_17_x86_64.manylinux2014_x86_64.whl", hash = "sha256:67bbb583d7f6f98c831945f664a5d302a65c3cc9dc8da793d2acce0260650927", size = 5920110, upload-time = "2023-05-24T05:07:29.312Z" },
    { url = "https://files.pythonhosted.org/packages/89/e4/db8adf723349a1289ce793a200941783eb6a264b2d802c4e2062ff2cefba/onnxruntime-1.15.0-cp39-cp39-win32.whl", hash = "sha256:b21438216c0a9985c224938431259959ddf71c7949f9e5759d6ad68fb5f61717", size = 5832437, upload-time = "2023-05-24T05:07:32.35Z" },
    { url = "https://files.pythonhosted.org/packages/a0/2c/5fabf9893733e9ed3ed536a35b7568134b0f5482f73ead629be1ce47ba34/onnxruntime-1.15.0-cp39-cp39-win_amd64.whl", hash = "sha256:e83521ddbeef421c3e697a7cc803e826a0d1b7a40446a857572700b6ab5f4083", size = 6739766, upload-time = "2023-05-24T05:07:35.948Z" },
]

[[package]]
name = "packaging"
version = "26.0"
source = { registry = "https://pypi.org/simple" }
sdist = { url = "https://files.pythonhosted.org/packages/65/ee/299d360cdc32edc7d2cf530f3accf79c4fca01e96ffc950d8a52213bd8e4/packaging-26.0.tar.gz", hash = "sha256:00243ae351a257117b6a241061796684b084ed1c516a08c48a3f7e147a9d80b4", size = 143416, upload-time = "2026-01-21T20:50:39.064Z" }
wheels = [
    { url = "https://files.pythonhosted.org/packages/b7/b9/c538f279a4e237a006a2c98387d081e9eb060d203d8ed34467cc0f0b9b53/packaging-26.0-py3-none-any.whl", hash = "sha256:b36f1fef9334a5588b4166f8bcd26a14e521f2b55e6b9de3aaa80d3ff7a37529", size = 74366, upload-time = "2026-01-21T20:50:37.788Z" },
]

[[package]]
name = "protobuf"
version = "3.20.3"
source = { registry = "https://pypi.org/simple" }
sdist = { url = "https://files.pythonhosted.org/packages/55/5b/e3d951e34f8356e5feecacd12a8e3b258a1da6d9a03ad1770f28925f29bc/protobuf-3.20.3.tar.gz", hash = "sha256:2e3427429c9cffebf259491be0af70189607f365c2f41c7c3764af6f337105f2", size = 216768, upload-time = "2022-09-29T22:39:47.592Z" }
wheels = [
    { url = "https://files.pythonhosted.org/packages/00/e7/d23c439c55c90ae2e52184363162f7079ca3e7d86205b411d4e9dc266f81/protobuf-3.20.3-cp39-cp39-macosx_10_9_x86_64.whl", hash = "sha256:398a9e0c3eaceb34ec1aee71894ca3299605fa8e761544934378bbc6c97de23b", size = 982826, upload-time = "2022-09-29T22:11:20.978Z" },
    { url = "https://files.pythonhosted.org/packages/99/25/5825472ecd911f4ac2ac4e9ab039a48b6d03874e2add92fb633e080bf3eb/protobuf-3.20.3-cp39-cp39-manylinux2014_aarch64.whl", hash = "sha256:bf01b5720be110540be4286e791db73f84a2b721072a3711efff6c324cdf074b", size = 918423, upload-time = "2022-09-29T22:11:22.651Z" },
    { url = "https://files.pythonhosted.org/packages/c7/df/ec3ecb8c940b36121c7b77c10acebf3d1c736498aa2f1fe3b6231ee44e76/protobuf-3.20.3-cp39-cp39-manylinux_2_5_x86_64.manylinux1_x86_64.whl", hash = "sha256:daa564862dd0d39c00f8086f88700fdbe8bc717e993a21e90711acfed02f2402", size = 1019250, upload-time = "2022-09-29T22:11:24.259Z" },
    { url = "https://files.pythonhosted.org/packages/36/8b/433071fed0058322090a55021bdc8da76d16c7bc9823f5795797803dd6d0/protobuf-3.20.3-cp39-cp39-win32.whl", hash = "sha256:819559cafa1a373b7096a482b504ae8a857c89593cf3a25af743ac9ecbd23480", size = 780270, upload-time = "2022-09-29T22:11:25.927Z" },
    { url = "https://files.pythonhosted.org/packages/11/a5/e52b731415ad6ef3d841e9e6e337a690249e800cc7c06f0749afab26348c/protobuf-3.20.3-cp39-cp39-win_amd64.whl", hash = "sha256:03038ac1cfbc41aa21f6afcbcd357281d7521b4157926f30ebecc8d4ea59dcb7", size = 904215, upload-time = "2022-09-29T22:11:28.056Z" },
    { url = "https://files.pythonhosted.org/packages/8d/14/619e24a4c70df2901e1f4dbc50a6291eb63a759172558df326347dce1f0d/protobuf-3.20.3-py2.py3-none-any.whl", hash = "sha256:a7ca6d488aa8ff7f329d4c545b2dbad8ac31464f1d8b1c87ad1346717731e4db", size = 162128, upload-time = "2022-09-29T22:39:44.547Z" },
]

[[package]]
name = "pyreadline3"
version = "3.5.4"
source = { registry = "https://pypi.org/simple" }
sdist = { url = "https://files.pythonhosted.org/packages/0f/49/4cea918a08f02817aabae639e3d0ac046fef9f9180518a3ad394e22da148/pyreadline3-3.5.4.tar.gz", hash = "sha256:8d57d53039a1c75adba8e50dd3d992b28143480816187ea5efbd5c78e6c885b7", size = 99839, upload-time = "2024-09-19T02:40:10.062Z" }
wheels = [
    { url = "https://files.pythonhosted.org/packages/5a/dc/491b7661614ab97483abf2056be1deee4dc2490ecbf7bff9ab5cdbac86e1/pyreadline3-3.5.4-py3-none-any.whl", hash = "sha256:eaf8e6cc3c49bcccf145fc6067ba8643d1df34d604a1ec0eccbf7a18e6d3fae6", size = 83178, upload-time = "2024-09-19T02:40:08.598Z" },
]

[[package]]
name = "sympy"
version = "1.13.1"
source = { registry = "https://pypi.org/simple" }
dependencies = [
    { name = "mpmath" },
]
sdist = { url = "https://files.pythonhosted.org/packages/ca/99/5a5b6f19ff9f083671ddf7b9632028436167cd3d33e11015754e41b249a4/sympy-1.13.1.tar.gz", hash = "sha256:9cebf7e04ff162015ce31c9c6c9144daa34a93bd082f54fd8f12deca4f47515f", size = 7533040, upload-time = "2024-07-19T09:26:51.238Z" }
wheels = [
    { url = "https://files.pythonhosted.org/packages/b2/fe/81695a1aa331a842b582453b605175f419fe8540355886031328089d840a/sympy-1.13.1-py3-none-any.whl", hash = "sha256:db36cdc64bf61b9b24578b6f7bab1ecdd2452cf008f34faa33776680c26d66f8", size = 6189177, upload-time = "2024-07-19T09:26:48.863Z" },
]
